{
  "requires": true,
  "lockfileVersion": 1,
  "dependencies": {
    "batch": {
      "version": "0.5.3",
      "resolved": "https://registry.npmjs.org/batch/-/batch-0.5.3.tgz",
      "integrity": "sha1-PzQU84AyF0O/wQQvmoP/HVgk1GQ="
    },
    "co": {
      "version": "3.1.0",
      "resolved": "https://registry.npmjs.org/co/-/co-3.1.0.tgz",
      "integrity": "sha1-TqVOpaCJOBUxheFSEMaNkJK8G3g="
    },
    "component-type": {
      "version": "1.2.1",
      "resolved": "https://registry.npmjs.org/component-type/-/component-type-1.2.1.tgz",
      "integrity": "sha1-ikeQFwAjjk/DIml3EjAibyS0Fak="
    },
    "extend.js": {
      "version": "0.0.2",
      "resolved": "https://registry.npmjs.org/extend.js/-/extend.js-0.0.2.tgz",
      "integrity": "sha1-D5x6gaHyCLcD6wwxMf5XFqxuzRU="
    },
    "invalid": {
      "version": "0.0.2",
      "resolved": "https://registry.npmjs.org/invalid/-/invalid-0.0.2.tgz",
      "integrity": "sha1-J8BqPV9bVonHuIdexaSKUTD10ms=",
      "requires": {
        "component-type": "^1.0.0"
      }
    },
    "ive": {
      "version": "0.2.4",
      "resolved": "https://registry.npmjs.org/ive/-/ive-0.2.4.tgz",
      "integrity": "sha1-OVuP6fUCRmjMWe0rXFQVLZgIw1A=",
      "requires": {
        "batch": "^0.5.1",
        "extend.js": "0.0.x",
        "rube": "0.0.x",
        "squares": "^0.2.x"
      }
    },
    "rube": {
      "version": "0.0.8",
      "resolved": "https://registry.npmjs.org/rube/-/rube-0.0.8.tgz",
      "integrity": "sha1-g7OBT1iOIBGIw++qNnMuobUTGFo=",
      "requires": {
        "invalid": "0.0.2",
        "step.js": "^2.0.5",
        "type-component": "0.0.1",
        "typecast": "0.0.1",
        "wrap-fn": "^0.1.1"
      }
    },
    "squares": {
      "version": "0.2.1",
      "resolved": "https://registry.npmjs.org/squares/-/squares-0.2.1.tgz",
      "integrity": "sha1-CGQt3dGMbdze7zYrEQSzDdyz8mw="
    },
    "step.js": {
      "version": "2.0.5",
      "resolved": "https://registry.npmjs.org/step.js/-/step.js-2.0.5.tgz",
      "integrity": "sha1-jwiyAFbvO5xLOw0nE0Zs0/bSS6Q=",
      "requires": {
        "co": "^3.0.6"
      }
    },
    "type-component": {
      "version": "0.0.1",
      "resolved": "https://registry.npmjs.org/type-component/-/type-component-0.0.1.tgz",
      "integrity": "sha1-lSpsgcIe/STRPYEdDISYy4YOGVY="
    },
    "typecast": {
      "version": "0.0.1",
      "resolved": "https://registry.npmjs.org/typecast/-/typecast-0.0.1.tgz",
      "integrity": "sha1-//t13La98d744pO2tuiT1sHtGd4="
    },
    "wrap-fn": {
      "version": "0.1.5",
      "resolved": "https://registry.npmjs.org/wrap-fn/-/wrap-fn-0.1.5.tgz",
      "integrity": "sha1-8htuQQFv9KfjFyDbxjoJAWvfmEU=",
      "requires": {
        "co": "3.1.0"
      }
    }
  }
}
